Microsoft Visual Studio Solution File, Format Version 11.00
# Visual Studio 2010
Project("{FAE04EC0-301F-11D3-BF4B-00C04F79EFBC}") = "Assembly-CSharp", "Assembly-CSharp.csproj", "{BC7E41FA-3640-4D75-D7A2-1383259663FB}"
EndProject
Project("{FAE04EC0-301F-11D3-BF4B-00C04F79EFBC}") = "Assembly-CSharp-Editor", "Assembly-CSharp-Editor.csproj", "{6C681FD5-98D3-9EA3-1769-A0B04B40A816}"
EndProject
Global
	GlobalSection(SolutionConfigurationPlatforms) = preSolution
		Debug|Any CPU = Debug|Any CPU
		Release|Any CPU = Release|Any CPU
	EndGlobalSection
	GlobalSection(ProjectConfigurationPlatforms) = postSolution
		{BC7E41FA-3640-4D75-D7A2-1383259663FB}.Debug|Any CPU.ActiveCfg = Debug|Any CPU
		{BC7E41FA-3640-4D75-D7A2-1383259663FB}.Debug|Any CPU.Build.0 = Debug|Any CPU
		{BC7E41FA-3640-4D75-D7A2-1383259663FB}.Release|Any CPU.ActiveCfg = Release|Any CPU
		{BC7E41FA-3640-4D75-D7A2-1383259663FB}.Release|Any CPU.Build.0 = Release|Any CPU
		{6C681FD5-98D3-9EA3-1769-A0B04B40A816}.Debug|Any CPU.ActiveCfg = Debug|Any CPU
		{6C681FD5-98D3-9EA3-1769-A0B04B40A816}.Debug|Any CPU.Build.0 = Debug|Any CPU
		{6C681FD5-98D3-9EA3-1769-A0B04B40A816}.Release|Any CPU.ActiveCfg = Release|Any CPU
		{6C681FD5-98D3-9EA3-1769-A0B04B40A816}.Release|Any CPU.Build.0 = Release|Any CPU
	EndGlobalSection
EndGlobal
